
Microsoft Visual Studio Solution File, Format Version 12.00
# Visual Studio Version 17
VisualStudioVersion = 17.5.33627.172
MinimumVisualStudioVersion = 10.0.40219.1
Project("{FAE04EC0-301F-11D3-BF4B-00C04F79EFBC}") = "Splash Screen.Android", "Splash Screen\Splash Screen.Android\Splash Screen.Android.csproj", "{18AC2533-39B3-43DE-ACA0-C748F1C46985}"
EndProject
Project("{FAE04EC0-301F-11D3-BF4B-00C04F79EFBC}") = "Splash Screen.iOS", "Splash Screen\Splash Screen.iOS\Splash Screen.iOS.csproj", "{5E20F51F-1644-4F10-9E68-05BA87B425ED}"
EndProject
Project("{FAE04EC0-301F-11D3-BF4B-00C04F79EFBC}") = "Splash Screen", "Splash Screen\Splash Screen\Splash Screen.csproj", "{3BF2B97A-A44A-4554-95ED-913FB5FA513A}"
EndProject
Global
	GlobalSection(SolutionConfigurationPlatforms) = preSolution
		Debug|Any CPU = Debug|Any CPU
		Debug|iPhone = Debug|iPhone
		Debug|iPhoneSimulator = Debug|iPhoneSimulator
		Release|Any CPU = Release|Any CPU
		Release|iPhone = Release|iPhone
		Release|iPhoneSimulator = Release|iPhoneSimulator
	EndGlobalSection
	GlobalSection(ProjectConfigurationPlatforms) = postSolution
		{18AC2533-39B3-43DE-ACA0-C748F1C46985}.Debug|Any CPU.ActiveCfg = Debug|Any CPU
		{18AC2533-39B3-43DE-ACA0-C748F1C46985}.Debug|Any CPU.Build.0 = Debug|Any CPU
		{18AC2533-39B3-43DE-ACA0-C748F1C46985}.Debug|Any CPU.Deploy.0 = Debug|Any CPU
		{18AC2533-39B3-43DE-ACA0-C748F1C46985}.Debug|iPhone.ActiveCfg = Debug|Any CPU
		{18AC2533-39B3-43DE-ACA0-C748F1C46985}.Debug|iPhone.Build.0 = Debug|Any CPU
		{18AC2533-39B3-43DE-ACA0-C748F1C46985}.Debug|iPhone.Deploy.0 = Debug|Any CPU
		{18AC2533-39B3-43DE-ACA0-C748F1C46985}.Debug|iPhoneSimulator.ActiveCfg = Debug|Any CPU
		{18AC2533-39B3-43DE-ACA0-C748F1C46985}.Debug|iPhoneSimulator.Build.0 = Debug|Any CPU
		{18AC2533-39B3-43DE-ACA0-C748F1C46985}.Debug|iPhoneSimulator.Deploy.0 = Debug|Any CPU
		{18AC2533-39B3-43DE-ACA0-C748F1C46985}.Release|Any CPU.ActiveCfg = Release|Any CPU
		{18AC2533-39B3-43DE-ACA0-C748F1C46985}.Release|Any CPU.Build.0 = Release|Any CPU
		{18AC2533-39B3-43DE-ACA0-C748F1C46985}.Release|Any CPU.Deploy.0 = Release|Any CPU
		{18AC2533-39B3-43DE-ACA0-C748F1C46985}.Release|iPhone.ActiveCfg = Release|Any CPU
		{18AC2533-39B3-43DE-ACA0-C748F1C46985}.Release|iPhone.Build.0 = Release|Any CPU
		{18AC2533-39B3-43DE-ACA0-C748F1C46985}.Release|iPhone.Deploy.0 = Release|Any CPU
		{18AC2533-39B3-43DE-ACA0-C748F1C46985}.Release|iPhoneSimulator.ActiveCfg = Release|Any CPU
		{18AC2533-39B3-43DE-ACA0-C748F1C46985}.Release|iPhoneSimulator.Build.0 = Release|Any CPU
		{18AC2533-39B3-43DE-ACA0-C748F1C46985}.Release|iPhoneSimulator.Deploy.0 = Release|Any CPU
		{5E20F51F-1644-4F10-9E68-05BA87B425ED}.Debug|Any CPU.ActiveCfg = Debug|iPhone
		{5E20F51F-1644-4F10-9E68-05BA87B425ED}.Debug|Any CPU.Build.0 = Debug|iPhone
		{5E20F51F-1644-4F10-9E68-05BA87B425ED}.Debug|Any CPU.Deploy.0 = Debug|iPhone
		{5E20F51F-1644-4F10-9E68-05BA87B425ED}.Debug|iPhone.ActiveCfg = Debug|iPhone
		{5E20F51F-1644-4F10-9E68-05BA87B425ED}.Debug|iPhone.Build.0 = Debug|iPhone
		{5E20F51F-1644-4F10-9E68-05BA87B425ED}.Debug|iPhone.Deploy.0 = Debug|iPhone
		{5E20F51F-1644-4F10-9E68-05BA87B425ED}.Debug|iPhoneSimulator.ActiveCfg = Debug|iPhoneSimulator
		{5E20F51F-1644-4F10-9E68-05BA87B425ED}.Debug|iPhoneSimulator.Build.0 = Debug|iPhoneSimulator
		{5E20F51F-1644-4F10-9E68-05BA87B425ED}.Debug|iPhoneSimulator.Deploy.0 = Debug|iPhoneSimulator
		{5E20F51F-1644-4F10-9E68-05BA87B425ED}.Release|Any CPU.ActiveCfg = Release|iPhoneSimulator
		{5E20F51F-1644-4F10-9E68-05BA87B425ED}.Release|Any CPU.Build.0 = Release|iPhoneSimulator
		{5E20F51F-1644-4F10-9E68-05BA87B425ED}.Release|Any CPU.Deploy.0 = Release|iPhoneSimulator
		{5E20F51F-1644-4F10-9E68-05BA87B425ED}.Release|iPhone.ActiveCfg = Release|iPhone
		{5E20F51F-1644-4F10-9E68-05BA87B425ED}.Release|iPhone.Build.0 = Release|iPhone
		{5E20F51F-1644-4F10-9E68-05BA87B425ED}.Release|iPhone.Deploy.0 = Release|iPhone
		{5E20F51F-1644-4F10-9E68-05BA87B425ED}.Release|iPhoneSimulator.ActiveCfg = Release|iPhoneSimulator
		{5E20F51F-1644-4F10-9E68-05BA87B425ED}.Release|iPhoneSimulator.Build.0 = Release|iPhoneSimulator
		{5E20F51F-1644-4F10-9E68-05BA87B425ED}.Release|iPhoneSimulator.Deploy.0 = Release|iPhoneSimulator
		{3BF2B97A-A44A-4554-95ED-913FB5FA513A}.Debug|Any CPU.ActiveCfg = Debug|Any CPU
		{3BF2B97A-A44A-4554-95ED-913FB5FA513A}.Debug|Any CPU.Build.0 = Debug|Any CPU
		{3BF2B97A-A44A-4554-95ED-913FB5FA513A}.Debug|Any CPU.Deploy.0 = Debug|Any CPU
		{3BF2B97A-A44A-4554-95ED-913FB5FA513A}.Debug|iPhone.ActiveCfg = Debug|Any CPU
		{3BF2B97A-A44A-4554-95ED-913FB5FA513A}.Debug|iPhone.Build.0 = Debug|Any CPU
		{3BF2B97A-A44A-4554-95ED-913FB5FA513A}.Debug|iPhone.Deploy.0 = Debug|Any CPU
		{3BF2B97A-A44A-4554-95ED-913FB5FA513A}.Debug|iPhoneSimulator.ActiveCfg = Debug|Any CPU
		{3BF2B97A-A44A-4554-95ED-913FB5FA513A}.Debug|iPhoneSimulator.Build.0 = Debug|Any CPU
		{3BF2B97A-A44A-4554-95ED-913FB5FA513A}.Debug|iPhoneSimulator.Deploy.0 = Debug|Any CPU
		{3BF2B97A-A44A-4554-95ED-913FB5FA513A}.Release|Any CPU.ActiveCfg = Release|Any CPU
		{3BF2B97A-A44A-4554-95ED-913FB5FA513A}.Release|Any CPU.Build.0 = Release|Any CPU
		{3BF2B97A-A44A-4554-95ED-913FB5FA513A}.Release|Any CPU.Deploy.0 = Release|Any CPU
		{3BF2B97A-A44A-4554-95ED-913FB5FA513A}.Release|iPhone.ActiveCfg = Release|Any CPU
		{3BF2B97A-A44A-4554-95ED-913FB5FA513A}.Release|iPhone.Build.0 = Release|Any CPU
		{3BF2B97A-A44A-4554-95ED-913FB5FA513A}.Release|iPhone.Deploy.0 = Release|Any CPU
		{3BF2B97A-A44A-4554-95ED-913FB5FA513A}.Release|iPhoneSimulator.ActiveCfg = Release|Any CPU
		{3BF2B97A-A44A-4554-95ED-913FB5FA513A}.Release|iPhoneSimulator.Build.0 = Release|Any CPU
		{3BF2B97A-A44A-4554-95ED-913FB5FA513A}.Release|iPhoneSimulator.Deploy.0 = Release|Any CPU
	EndGlobalSection
	GlobalSection(SolutionProperties) = preSolution
		HideSolutionNode = FALSE
	EndGlobalSection
	GlobalSection(ExtensibilityGlobals) = postSolution
		SolutionGuid = {9CF925C7-AA6F-4B87-A86B-469487B87D4E}
	EndGlobalSection
EndGlobal
